// !$*UTF8*$!
{
	archiveVersion = 1;
	classes = {
	};
	objectVersion = 50;
	objects = {

/* Begin PBXBuildFile section */
		0A35E802222764D100FD7B26 /* Settings.swift in Sources */ = {isa = PBXBuildFile; fileRef = 0A66553D2204A14B00CE1650 /* Settings.swift */; };
		0A38B3BD2219CF3A00530F70 /* Rule.swift in Sources */ = {isa = PBXBuildFile; fileRef = 0A66552A22026CF800CE1650 /* Rule.swift */; };
		0A66551122026A5B00CE1650 /* AppDelegate.swift in Sources */ = {isa = PBXBuildFile; fileRef = 0A66551022026A5B00CE1650 /* AppDelegate.swift */; };
		0A66551622026A5B00CE1650 /* Main.storyboard in Resources */ = {isa = PBXBuildFile; fileRef = 0A66551422026A5B00CE1650 /* Main.storyboard */; };
		0A66551822026A5B00CE1650 /* Assets.xcassets in Resources */ = {isa = PBXBuildFile; fileRef = 0A66551722026A5B00CE1650 /* Assets.xcassets */; };
		0A66551B22026A5B00CE1650 /* LaunchScreen.storyboard in Resources */ = {isa = PBXBuildFile; fileRef = 0A66551922026A5B00CE1650 /* LaunchScreen.storyboard */; };
		0A66552722026BE000CE1650 /* RulesViewController.swift in Sources */ = {isa = PBXBuildFile; fileRef = 0A66552622026BE000CE1650 /* RulesViewController.swift */; };
		0A66552B22026CF800CE1650 /* Rule.swift in Sources */ = {isa = PBXBuildFile; fileRef = 0A66552A22026CF800CE1650 /* Rule.swift */; };
		0A6655352203564F00CE1650 /* SettingsViewController.swift in Sources */ = {isa = PBXBuildFile; fileRef = 0A6655342203564F00CE1650 /* SettingsViewController.swift */; };
		0A665538220359EB00CE1650 /* Colors.xcassets in Resources */ = {isa = PBXBuildFile; fileRef = 0A665537220359EB00CE1650 /* Colors.xcassets */; };
		0A66553A22037A1000CE1650 /* EditRuleViewController.swift in Sources */ = {isa = PBXBuildFile; fileRef = 0A66553922037A1000CE1650 /* EditRuleViewController.swift */; };
		0A66553C220490F800CE1650 /* AppSystemColorSettingsCell.swift in Sources */ = {isa = PBXBuildFile; fileRef = 0A66553B220490F800CE1650 /* AppSystemColorSettingsCell.swift */; };
		0A66553E2204A14B00CE1650 /* Settings.swift in Sources */ = {isa = PBXBuildFile; fileRef = 0A66553D2204A14B00CE1650 /* Settings.swift */; };
		0AEA173B22050A8A003A7DE4 /* RoundedButton.swift in Sources */ = {isa = PBXBuildFile; fileRef = 0AEA173A22050A8A003A7DE4 /* RoundedButton.swift */; };
		0AEA173F2206458E003A7DE4 /* NumberFormattingLogic.swift in Sources */ = {isa = PBXBuildFile; fileRef = 0AEA173E2206458E003A7DE4 /* NumberFormattingLogic.swift */; };
		0AEA17412208DAEA003A7DE4 /* RuleStore.swift in Sources */ = {isa = PBXBuildFile; fileRef = 0AEA17402208DAEA003A7DE4 /* RuleStore.swift */; };
		0AEA17432209084D003A7DE4 /* WelcomeScreenViewController.swift in Sources */ = {isa = PBXBuildFile; fileRef = 0AEA17422209084D003A7DE4 /* WelcomeScreenViewController.swift */; };
		0AEA1747220A629E003A7DE4 /* TextFieldController.swift in Sources */ = {isa = PBXBuildFile; fileRef = 0AEA1746220A629E003A7DE4 /* TextFieldController.swift */; };
		0AEA174F220B56B5003A7DE4 /* CallDirectoryHandler.swift in Sources */ = {isa = PBXBuildFile; fileRef = 0AEA174E220B56B5003A7DE4 /* CallDirectoryHandler.swift */; };
		0AEA1753220B56B5003A7DE4 /* Call Block Extension.appex in Embed App Extensions */ = {isa = PBXBuildFile; fileRef = 0AEA174C220B56B5003A7DE4 /* Call Block Extension.appex */; settings = {ATTRIBUTES = (RemoveHeadersOnCopy, ); }; };
		0AEA1759220B59DE003A7DE4 /* NumberDirectoryManager.swift in Sources */ = {isa = PBXBuildFile; fileRef = 0AEA1758220B59DE003A7DE4 /* NumberDirectoryManager.swift */; };
		0AEA175B220BB37E003A7DE4 /* Observer.swift in Sources */ = {isa = PBXBuildFile; fileRef = 0AEA175A220BB37E003A7DE4 /* Observer.swift */; };
		2B6440C92CA564FA7871280D /* Pods_Call_Control.framework in Frameworks */ = {isa = PBXBuildFile; fileRef = 85B7209D64296E5F7C2D18B3 /* Pods_Call_Control.framework */; };
		443E1BC530DB55012DD976F1 /* Pods_Call_Block_Extension.framework in Frameworks */ = {isa = PBXBuildFile; fileRef = B2E377E3B7CC6B7C98D9E0C4 /* Pods_Call_Block_Extension.framework */; };
/* End PBXBuildFile section */

/* Begin PBXContainerItemProxy section */
		0AEA1751220B56B5003A7DE4 /* PBXContainerItemProxy */ = {
			isa = PBXContainerItemProxy;
			containerPortal = 0A66550522026A5B00CE1650 /* Project object */;
			proxyType = 1;
			remoteGlobalIDString = 0AEA174B220B56B5003A7DE4;
			remoteInfo = "Call Block Extension";
		};
/* End PBXContainerItemProxy section */

/* Begin PBXCopyFilesBuildPhase section */
		0AEA1757220B56B5003A7DE4 /* Embed App Extensions */ = {
			isa = PBXCopyFilesBuildPhase;
			buildActionMask = 2147483647;
			dstPath = "";
			dstSubfolderSpec = 13;
			files = (
				0AEA1753220B56B5003A7DE4 /* Call Block Extension.appex in Embed App Extensions */,
			);
			name = "Embed App Extensions";
			runOnlyForDeploymentPostprocessing = 0;
		};
/* End PBXCopyFilesBuildPhase section */

/* Begin PBXFileReference section */
		008608C5386C3B094D3552EA /* Pods-Call Block Extension.release.xcconfig */ = {isa = PBXFileReference; includeInIndex = 1; lastKnownFileType = text.xcconfig; name = "Pods-Call Block Extension.release.xcconfig"; path = "Pods/Target Support Files/Pods-Call Block Extension/Pods-Call Block Extension.release.xcconfig"; sourceTree = "<group>"; };
		0A1AB64222192977004B2B65 /* Realm.framework */ = {isa = PBXFileReference; explicitFileType = wrapper.framework; path = Realm.framework; sourceTree = BUILT_PRODUCTS_DIR; };
		0A1AB64422192977004B2B65 /* RealmSwift.framework */ = {isa = PBXFileReference; explicitFileType = wrapper.framework; path = RealmSwift.framework; sourceTree = BUILT_PRODUCTS_DIR; };
		0A35E8002224B7BD00FD7B26 /* Call Block Extension.entitlements */ = {isa = PBXFileReference; lastKnownFileType = text.plist.entitlements; path = "Call Block Extension.entitlements"; sourceTree = "<group>"; };
		0A38B3B32219C13E00530F70 /* RealmSwift.framework */ = {isa = PBXFileReference; lastKnownFileType = wrapper.framework; path = RealmSwift.framework; sourceTree = "<group>"; };
		0A38B3B72219C14500530F70 /* Realm.framework */ = {isa = PBXFileReference; lastKnownFileType = wrapper.framework; path = Realm.framework; sourceTree = "<group>"; };
		0A38B3BB2219C7B800530F70 /* Call Control-Bridging-Header.h */ = {isa = PBXFileReference; lastKnownFileType = sourcecode.c.h; path = "Call Control-Bridging-Header.h"; sourceTree = "<group>"; };
		0A38B3BC2219C88200530F70 /* Call Block Extension-Bridging-Header.h */ = {isa = PBXFileReference; lastKnownFileType = sourcecode.c.h; path = "Call Block Extension-Bridging-Header.h"; sourceTree = "<group>"; };
		0A38B3BE2219D4F800530F70 /* Call Control.entitlements */ = {isa = PBXFileReference; lastKnownFileType = text.plist.entitlements; path = "Call Control.entitlements"; sourceTree = "<group>"; };
		0A66550D22026A5B00CE1650 /* Call Control.app */ = {isa = PBXFileReference; explicitFileType = wrapper.application; includeInIndex = 0; path = "Call Control.app"; sourceTree = BUILT_PRODUCTS_DIR; };
		0A66551022026A5B00CE1650 /* AppDelegate.swift */ = {isa = PBXFileReference; lastKnownFileType = sourcecode.swift; path = AppDelegate.swift; sourceTree = "<group>"; };
		0A66551522026A5B00CE1650 /* Base */ = {isa = PBXFileReference; lastKnownFileType = file.storyboard; name = Base; path = Base.lproj/Main.storyboard; sourceTree = "<group>"; };
		0A66551722026A5B00CE1650 /* Assets.xcassets */ = {isa = PBXFileReference; lastKnownFileType = folder.assetcatalog; path = Assets.xcassets; sourceTree = "<group>"; };
		0A66551A22026A5B00CE1650 /* Base */ = {isa = PBXFileReference; lastKnownFileType = file.storyboard; name = Base; path = Base.lproj/LaunchScreen.storyboard; sourceTree = "<group>"; };
		0A66551C22026A5B00CE1650 /* Info.plist */ = {isa = PBXFileReference; lastKnownFileType = text.plist.xml; path = Info.plist; sourceTree = "<group>"; };
		0A66552622026BE000CE1650 /* RulesViewController.swift */ = {isa = PBXFileReference; lastKnownFileType = sourcecode.swift; path = RulesViewController.swift; sourceTree = "<group>"; };
		0A66552A22026CF800CE1650 /* Rule.swift */ = {isa = PBXFileReference; lastKnownFileType = sourcecode.swift; path = Rule.swift; sourceTree = "<group>"; };
		0A6655342203564F00CE1650 /* SettingsViewController.swift */ = {isa = PBXFileReference; lastKnownFileType = sourcecode.swift; path = SettingsViewController.swift; sourceTree = "<group>"; };
		0A665537220359EB00CE1650 /* Colors.xcassets */ = {isa = PBXFileReference; lastKnownFileType = folder.assetcatalog; path = Colors.xcassets; sourceTree = "<group>"; };
		0A66553922037A1000CE1650 /* EditRuleViewController.swift */ = {isa = PBXFileReference; lastKnownFileType = sourcecode.swift; path = EditRuleViewController.swift; sourceTree = "<group>"; };
		0A66553B220490F800CE1650 /* AppSystemColorSettingsCell.swift */ = {isa = PBXFileReference; lastKnownFileType = sourcecode.swift; path = AppSystemColorSettingsCell.swift; sourceTree = "<group>"; };
		0A66553D2204A14B00CE1650 /* Settings.swift */ = {isa = PBXFileReference; lastKnownFileType = sourcecode.swift; path = Settings.swift; sourceTree = "<group>"; };
		0AEA173A22050A8A003A7DE4 /* RoundedButton.swift */ = {isa = PBXFileReference; lastKnownFileType = sourcecode.swift; path = RoundedButton.swift; sourceTree = "<group>"; };
		0AEA173E2206458E003A7DE4 /* NumberFormattingLogic.swift */ = {isa = PBXFileReference; lastKnownFileType = sourcecode.swift; path = NumberFormattingLogic.swift; sourceTree = "<group>"; };
		0AEA17402208DAEA003A7DE4 /* RuleStore.swift */ = {isa = PBXFileReference; lastKnownFileType = sourcecode.swift; path = RuleStore.swift; sourceTree = "<group>"; };
		0AEA17422209084D003A7DE4 /* WelcomeScreenViewController.swift */ = {isa = PBXFileReference; lastKnownFileType = sourcecode.swift; path = WelcomeScreenViewController.swift; sourceTree = "<group>"; };
		0AEA1746220A629E003A7DE4 /* TextFieldController.swift */ = {isa = PBXFileReference; lastKnownFileType = sourcecode.swift; path = TextFieldController.swift; sourceTree = "<group>"; };
		0AEA174C220B56B5003A7DE4 /* Call Block Extension.appex */ = {isa = PBXFileReference; explicitFileType = "wrapper.app-extension"; includeInIndex = 0; path = "Call Block Extension.appex"; sourceTree = BUILT_PRODUCTS_DIR; };
		0AEA174E220B56B5003A7DE4 /* CallDirectoryHandler.swift */ = {isa = PBXFileReference; lastKnownFileType = sourcecode.swift; path = CallDirectoryHandler.swift; sourceTree = "<group>"; };
		0AEA1750220B56B5003A7DE4 /* Info.plist */ = {isa = PBXFileReference; lastKnownFileType = text.plist.xml; path = Info.plist; sourceTree = "<group>"; };
		0AEA1758220B59DE003A7DE4 /* NumberDirectoryManager.swift */ = {isa = PBXFileReference; lastKnownFileType = sourcecode.swift; path = NumberDirectoryManager.swift; sourceTree = "<group>"; };
		0AEA175A220BB37E003A7DE4 /* Observer.swift */ = {isa = PBXFileReference; lastKnownFileType = sourcecode.swift; path = Observer.swift; sourceTree = "<group>"; };
		35F7B04FBEFB82349A8A212C /* Pods-Call Control.release.xcconfig */ = {isa = PBXFileReference; includeInIndex = 1; lastKnownFileType = text.xcconfig; name = "Pods-Call Control.release.xcconfig"; path = "Pods/Target Support Files/Pods-Call Control/Pods-Call Control.release.xcconfig"; sourceTree = "<group>"; };
		85B7209D64296E5F7C2D18B3 /* Pods_Call_Control.framework */ = {isa = PBXFileReference; explicitFileType = wrapper.framework; includeInIndex = 0; path = Pods_Call_Control.framework; sourceTree = BUILT_PRODUCTS_DIR; };
		B2E377E3B7CC6B7C98D9E0C4 /* Pods_Call_Block_Extension.framework */ = {isa = PBXFileReference; explicitFileType = wrapper.framework; includeInIndex = 0; path = Pods_Call_Block_Extension.framework; sourceTree = BUILT_PRODUCTS_DIR; };
		DA19D15C7AAC7E88CDDEA6D4 /* Pods-Call Block Extension.debug.xcconfig */ = {isa = PBXFileReference; includeInIndex = 1; lastKnownFileType = text.xcconfig; name = "Pods-Call Block Extension.debug.xcconfig"; path = "Pods/Target Support Files/Pods-Call Block Extension/Pods-Call Block Extension.debug.xcconfig"; sourceTree = "<group>"; };
		EF02FDB285103C31965115A4 /* Pods-Call Control.debug.xcconfig */ = {isa = PBXFileReference; includeInIndex = 1; lastKnownFileType = text.xcconfig; name = "Pods-Call Control.debug.xcconfig"; path = "Pods/Target Support Files/Pods-Call Control/Pods-Call Control.debug.xcconfig"; sourceTree = "<group>"; };
/* End PBXFileReference section */

/* Begin PBXFrameworksBuildPhase section */
		0A66550A22026A5B00CE1650 /* Frameworks */ = {
			isa = PBXFrameworksBuildPhase;
			buildActionMask = 2147483647;
			files = (
				2B6440C92CA564FA7871280D /* Pods_Call_Control.framework in Frameworks */,
			);
			runOnlyForDeploymentPostprocessing = 0;
		};
		0AEA1749220B56B5003A7DE4 /* Frameworks */ = {
			isa = PBXFrameworksBuildPhase;
			buildActionMask = 2147483647;
			files = (
				443E1BC530DB55012DD976F1 /* Pods_Call_Block_Extension.framework in Frameworks */,
			);
			runOnlyForDeploymentPostprocessing = 0;
		};
/* End PBXFrameworksBuildPhase section */

/* Begin PBXGroup section */
		0A66550422026A5B00CE1650 = {
			isa = PBXGroup;
			children = (
				0A38B3B72219C14500530F70 /* Realm.framework */,
				0A38B3B32219C13E00530F70 /* RealmSwift.framework */,
				0A66550F22026A5B00CE1650 /* Call Control */,
				0AEA174D220B56B5003A7DE4 /* Call Block Extension */,
				0A66550E22026A5B00CE1650 /* Products */,
				A3AFA3A661AC2AB6F7EB36A6 /* Pods */,
				9AAFDAE83E3EE8BA46379954 /* Frameworks */,
			);
			sourceTree = "<group>";
		};
		0A66550E22026A5B00CE1650 /* Products */ = {
			isa = PBXGroup;
			children = (
				0A66550D22026A5B00CE1650 /* Call Control.app */,
				0AEA174C220B56B5003A7DE4 /* Call Block Extension.appex */,
			);
			name = Products;
			sourceTree = "<group>";
		};
		0A66550F22026A5B00CE1650 /* Call Control */ = {
			isa = PBXGroup;
			children = (
				0A38B3BE2219D4F800530F70 /* Call Control.entitlements */,
				0A66552522026AC200CE1650 /* Supporting Files */,
				0A66552422026AB000CE1650 /* Controller */,
				0A66552322026AAC00CE1650 /* Model */,
				0A66552222026AA500CE1650 /* View */,
				0A66551922026A5B00CE1650 /* LaunchScreen.storyboard */,
				0A66551C22026A5B00CE1650 /* Info.plist */,
				0A66551022026A5B00CE1650 /* AppDelegate.swift */,
				0A38B3BB2219C7B800530F70 /* Call Control-Bridging-Header.h */,
				0A38B3BC2219C88200530F70 /* Call Block Extension-Bridging-Header.h */,
			);
			path = "Call Control";
			sourceTree = "<group>";
		};
		0A66552222026AA500CE1650 /* View */ = {
			isa = PBXGroup;
			children = (
				0A66551422026A5B00CE1650 /* Main.storyboard */,
				0AEA173A22050A8A003A7DE4 /* RoundedButton.swift */,
			);
			path = View;
			sourceTree = "<group>";
		};
		0A66552322026AAC00CE1650 /* Model */ = {
			isa = PBXGroup;
			children = (
				0A66552A22026CF800CE1650 /* Rule.swift */,
				0A66553D2204A14B00CE1650 /* Settings.swift */,
				0AEA173E2206458E003A7DE4 /* NumberFormattingLogic.swift */,
				0AEA17402208DAEA003A7DE4 /* RuleStore.swift */,
				0AEA1758220B59DE003A7DE4 /* NumberDirectoryManager.swift */,
				0AEA175A220BB37E003A7DE4 /* Observer.swift */,
			);
			path = Model;
			sourceTree = "<group>";
		};
		0A66552422026AB000CE1650 /* Controller */ = {
			isa = PBXGroup;
			children = (
				0A66552622026BE000CE1650 /* RulesViewController.swift */,
				0A6655342203564F00CE1650 /* SettingsViewController.swift */,
				0A66553922037A1000CE1650 /* EditRuleViewController.swift */,
				0A66553B220490F800CE1650 /* AppSystemColorSettingsCell.swift */,
				0AEA17422209084D003A7DE4 /* WelcomeScreenViewController.swift */,
				0AEA1746220A629E003A7DE4 /* TextFieldController.swift */,
			);
			path = Controller;
			sourceTree = "<group>";
		};
		0A66552522026AC200CE1650 /* Supporting Files */ = {
			isa = PBXGroup;
			children = (
				0A66551722026A5B00CE1650 /* Assets.xcassets */,
				0A665537220359EB00CE1650 /* Colors.xcassets */,
			);
			path = "Supporting Files";
			sourceTree = "<group>";
		};
		0AEA174D220B56B5003A7DE4 /* Call Block Extension */ = {
			isa = PBXGroup;
			children = (
				0A35E8002224B7BD00FD7B26 /* Call Block Extension.entitlements */,
				0AEA174E220B56B5003A7DE4 /* CallDirectoryHandler.swift */,
				0AEA1750220B56B5003A7DE4 /* Info.plist */,
			);
			path = "Call Block Extension";
			sourceTree = "<group>";
		};
		9AAFDAE83E3EE8BA46379954 /* Frameworks */ = {
			isa = PBXGroup;
			children = (
				0A1AB64222192977004B2B65 /* Realm.framework */,
				0A1AB64422192977004B2B65 /* RealmSwift.framework */,
				85B7209D64296E5F7C2D18B3 /* Pods_Call_Control.framework */,
				B2E377E3B7CC6B7C98D9E0C4 /* Pods_Call_Block_Extension.framework */,
			);
			name = Frameworks;
			sourceTree = "<group>";
		};
		A3AFA3A661AC2AB6F7EB36A6 /* Pods */ = {
			isa = PBXGroup;
			children = (
				EF02FDB285103C31965115A4 /* Pods-Call Control.debug.xcconfig */,
				35F7B04FBEFB82349A8A212C /* Pods-Call Control.release.xcconfig */,
				DA19D15C7AAC7E88CDDEA6D4 /* Pods-Call Block Extension.debug.xcconfig */,
				008608C5386C3B094D3552EA /* Pods-Call Block Extension.release.xcconfig */,
			);
			name = Pods;
			sourceTree = "<group>";
		};
/* End PBXGroup section */

/* Begin PBXNativeTarget section */
		0A66550C22026A5B00CE1650 /* Call Control */ = {
			isa = PBXNativeTarget;
			buildConfigurationList = 0A66551F22026A5B00CE1650 /* Build configuration list for PBXNativeTarget "Call Control" */;
			buildPhases = (
				CB577FE67AA771E3BCEC2576 /* [CP] Check Pods Manifest.lock */,
				0A66550922026A5B00CE1650 /* Sources */,
				0A66550A22026A5B00CE1650 /* Frameworks */,
				0A66550B22026A5B00CE1650 /* Resources */,
				BF5CD2E076300DA488EF5B39 /* [CP] Embed Pods Frameworks */,
				0AEA1757220B56B5003A7DE4 /* Embed App Extensions */,
			);
			buildRules = (
			);
			dependencies = (
				0AEA1752220B56B5003A7DE4 /* PBXTargetDependency */,
			);
			name = "Call Control";
			productName = "Call Control";
			productReference = 0A66550D22026A5B00CE1650 /* Call Control.app */;
			productType = "com.apple.product-type.application";
		};
		0AEA174B220B56B5003A7DE4 /* Call Block Extension */ = {
			isa = PBXNativeTarget;
			buildConfigurationList = 0AEA1756220B56B5003A7DE4 /* Build configuration list for PBXNativeTarget "Call Block Extension" */;
			buildPhases = (
				5CD79DE3B6553C1B8F8DCF3C /* [CP] Check Pods Manifest.lock */,
				0AEA1748220B56B5003A7DE4 /* Sources */,
				0AEA1749220B56B5003A7DE4 /* Frameworks */,
				0AEA174A220B56B5003A7DE4 /* Resources */,
			);
			buildRules = (
			);
			dependencies = (
			);
			name = "Call Block Extension";
			productName = "Call Block Extension";
			productReference = 0AEA174C220B56B5003A7DE4 /* Call Block Extension.appex */;
			productType = "com.apple.product-type.app-extension";
		};
/* End PBXNativeTarget section */

/* Begin PBXProject section */
		0A66550522026A5B00CE1650 /* Project object */ = {
			isa = PBXProject;
			attributes = {
				LastSwiftUpdateCheck = 1010;
				LastUpgradeCheck = 1010;
				ORGANIZATIONNAME = "Kurtis Hill";
				TargetAttributes = {
					0A66550C22026A5B00CE1650 = {
						CreatedOnToolsVersion = 10.1;
						LastSwiftMigration = 1010;
						SystemCapabilities = {
							com.apple.ApplicationGroups.iOS = {
								enabled = 1;
							};
							com.apple.Push = {
								enabled = 1;
							};
						};
					};
					0AEA174B220B56B5003A7DE4 = {
						CreatedOnToolsVersion = 10.1;
						LastSwiftMigration = 1010;
						SystemCapabilities = {
							com.apple.ApplicationGroups.iOS = {
								enabled = 1;
							};
						};
					};
				};
			};
			buildConfigurationList = 0A66550822026A5B00CE1650 /* Build configuration list for PBXProject "Call Control" */;
			compatibilityVersion = "Xcode 9.3";
			developmentRegion = en;
			hasScannedForEncodings = 0;
			knownRegions = (
				en,
				Base,
			);
			mainGroup = 0A66550422026A5B00CE1650;
			productRefGroup = 0A66550E22026A5B00CE1650 /* Products */;
			projectDirPath = "";
			projectRoot = "";
			targets = (
				0A66550C22026A5B00CE1650 /* Call Control */,
				0AEA174B220B56B5003A7DE4 /* Call Block Extension */,
			);
		};
/* End PBXProject section */

/* Begin PBXResourcesBuildPhase section */
		0A66550B22026A5B00CE1650 /* Resources */ = {
			isa = PBXResourcesBuildPhase;
			buildActionMask = 2147483647;
			files = (
				0A66551B22026A5B00CE1650 /* LaunchScreen.storyboard in Resources */,
				0A665538220359EB00CE1650 /* Colors.xcassets in Resources */,
				0A66551822026A5B00CE1650 /* Assets.xcassets in Resources */,
				0A66551622026A5B00CE1650 /* Main.storyboard in Resources */,
			);
			runOnlyForDeploymentPostprocessing = 0;
		};
		0AEA174A220B56B5003A7DE4 /* Resources */ = {
			isa = PBXResourcesBuildPhase;
			buildActionMask = 2147483647;
			files = (
			);
			runOnlyForDeploymentPostprocessing = 0;
		};
/* End PBXResourcesBuildPhase section */

/* Begin PBXShellScriptBuildPhase section */
		5CD79DE3B6553C1B8F8DCF3C /* [CP] Check Pods Manifest.lock */ = {
			isa = PBXShellScriptBuildPhase;
			buildActionMask = 2147483647;
			files = (
			);
			inputFileListPaths = (
			);
			inputPaths = (
				"${PODS_PODFILE_DIR_PATH}/Podfile.lock",
				"${PODS_ROOT}/Manifest.lock",
			);
			name = "[CP] Check Pods Manifest.lock";
			outputFileListPaths = (
			);
			outputPaths = (
				"$(DERIVED_FILE_DIR)/Pods-Call Block Extension-checkManifestLockResult.txt",
			);
			runOnlyForDeploymentPostprocessing = 0;
			shellPath = /bin/sh;
			shellScript = "diff \"${PODS_PODFILE_DIR_PATH}/Podfile.lock\" \"${PODS_ROOT}/Manifest.lock\" > /dev/null\nif [ $? != 0 ] ; then\n    # print error to STDERR\n    echo \"error: The sandbox is not in sync with the Podfile.lock. Run 'pod install' or update your CocoaPods installation.\" >&2\n    exit 1\nfi\n# This output is used by Xcode 'outputs' to avoid re-running this script phase.\necho \"SUCCESS\" > \"${SCRIPT_OUTPUT_FILE_0}\"\n";
			showEnvVarsInLog = 0;
		};
		BF5CD2E076300DA488EF5B39 /* [CP] Embed Pods Frameworks */ = {
			isa = PBXShellScriptBuildPhase;
			buildActionMask = 2147483647;
			files = (
			);
			inputFileListPaths = (
			);
			inputPaths = (
				"${SRCROOT}/Pods/Target Support Files/Pods-Call Control/Pods-Call Control-frameworks.sh",
				"${BUILT_PRODUCTS_DIR}/ChameleonFramework/ChameleonFramework.framework",
				"${BUILT_PRODUCTS_DIR}/CocoaLumberjack/CocoaLumberjack.framework",
				"${BUILT_PRODUCTS_DIR}/Realm/Realm.framework",
				"${BUILT_PRODUCTS_DIR}/RealmSwift/RealmSwift.framework",
				"${BUILT_PRODUCTS_DIR}/SVProgressHUD/SVProgressHUD.framework",
			);
			name = "[CP] Embed Pods Frameworks";
			outputFileListPaths = (
			);
			outputPaths = (
				"${TARGET_BUILD_DIR}/${FRAMEWORKS_FOLDER_PATH}/ChameleonFramework.framework",
				"${TARGET_BUILD_DIR}/${FRAMEWORKS_FOLDER_PATH}/CocoaLumberjack.framework",
				"${TARGET_BUILD_DIR}/${FRAMEWORKS_FOLDER_PATH}/Realm.framework",
				"${TARGET_BUILD_DIR}/${FRAMEWORKS_FOLDER_PATH}/RealmSwift.framework",
				"${TARGET_BUILD_DIR}/${FRAMEWORKS_FOLDER_PATH}/SVProgressHUD.framework",
			);
			runOnlyForDeploymentPostprocessing = 0;
			shellPath = /bin/sh;
			shellScript = "\"${SRCROOT}/Pods/Target Support Files/Pods-Call Control/Pods-Call Control-frameworks.sh\"\n";
			showEnvVarsInLog = 0;
		};
		CB577FE67AA771E3BCEC2576 /* [CP] Check Pods Manifest.lock */ = {
			isa = PBXShellScriptBuildPhase;
			buildActionMask = 2147483647;
			files = (
			);
			inputFileListPaths = (
			);
			inputPaths = (
				"${PODS_PODFILE_DIR_PATH}/Podfile.lock",
				"${PODS_ROOT}/Manifest.lock",
			);
			name = "[CP] Check Pods Manifest.lock";
			outputFileListPaths = (
			);
			outputPaths = (
				"$(DERIVED_FILE_DIR)/Pods-Call Control-checkManifestLockResult.txt",
			);
			runOnlyForDeploymentPostprocessing = 0;
			shellPath = /bin/sh;
			shellScript = "diff \"${PODS_PODFILE_DIR_PATH}/Podfile.lock\" \"${PODS_ROOT}/Manifest.lock\" > /dev/null\nif [ $? != 0 ] ; then\n    # print error to STDERR\n    echo \"error: The sandbox is not in sync with the Podfile.lock. Run 'pod install' or update your CocoaPods installation.\" >&2\n    exit 1\nfi\n# This output is used by Xcode 'outputs' to avoid re-running this script phase.\necho \"SUCCESS\" > \"${SCRIPT_OUTPUT_FILE_0}\"\n";
			showEnvVarsInLog = 0;
		};
/* End PBXShellScriptBuildPhase section */

/* Begin PBXSourcesBuildPhase section */
		0A66550922026A5B00CE1650 /* Sources */ = {
			isa = PBXSourcesBuildPhase;
			buildActionMask = 2147483647;
			files = (
				0A66552B22026CF800CE1650 /* Rule.swift in Sources */,
				0A66553C220490F800CE1650 /* AppSystemColorSettingsCell.swift in Sources */,
				0A66552722026BE000CE1650 /* RulesViewController.swift in Sources */,
				0AEA173B22050A8A003A7DE4 /* RoundedButton.swift in Sources */,
				0AEA17432209084D003A7DE4 /* WelcomeScreenViewController.swift in Sources */,
				0AEA175B220BB37E003A7DE4 /* Observer.swift in Sources */,
				0A6655352203564F00CE1650 /* SettingsViewController.swift in Sources */,
				0AEA1759220B59DE003A7DE4 /* NumberDirectoryManager.swift in Sources */,
				0A66553E2204A14B00CE1650 /* Settings.swift in Sources */,
				0AEA173F2206458E003A7DE4 /* NumberFormattingLogic.swift in Sources */,
				0AEA17412208DAEA003A7DE4 /* RuleStore.swift in Sources */,
				0AEA1747220A629E003A7DE4 /* TextFieldController.swift in Sources */,
				0A66553A22037A1000CE1650 /* EditRuleViewController.swift in Sources */,
				0A66551122026A5B00CE1650 /* AppDelegate.swift in Sources */,
			);
			runOnlyForDeploymentPostprocessing = 0;
		};
		0AEA1748220B56B5003A7DE4 /* Sources */ = {
			isa = PBXSourcesBuildPhase;
			buildActionMask = 2147483647;
			files = (
				0A35E802222764D100FD7B26 /* Settings.swift in Sources */,
				0AEA174F220B56B5003A7DE4 /* CallDirectoryHandler.swift in Sources */,
				0A38B3BD2219CF3A00530F70 /* Rule.swift in Sources */,
			);
			runOnlyForDeploymentPostprocessing = 0;
		};
/* End PBXSourcesBuildPhase section */

/* Begin PBXTargetDependency section */
		0AEA1752220B56B5003A7DE4 /* PBXTargetDependency */ = {
			isa = PBXTargetDependency;
			target = 0AEA174B220B56B5003A7DE4 /* Call Block Extension */;
			targetProxy = 0AEA1751220B56B5003A7DE4 /* PBXContainerItemProxy */;
		};
/* End PBXTargetDependency section */

/* Begin PBXVariantGroup section */
		0A66551422026A5B00CE1650 /* Main.storyboard */ = {
			isa = PBXVariantGroup;
			children = (
				0A66551522026A5B00CE1650 /* Base */,
			);
			name = Main.storyboard;
			sourceTree = "<group>";
		};
		0A66551922026A5B00CE1650 /* LaunchScreen.storyboard */ = {
			isa = PBXVariantGroup;
			children = (
				0A66551A22026A5B00CE1650 /* Base */,
			);
			name = LaunchScreen.storyboard;
			sourceTree = "<group>";
		};
/* End PBXVariantGroup section */

/* Begin XCBuildConfiguration section */
		0A66551D22026A5B00CE1650 /* Debug */ = {
			isa = XCBuildConfiguration;
			buildSettings = {
				ALWAYS_SEARCH_USER_PATHS = NO;
				CLANG_ANALYZER_NONNULL = YES;
				CLANG_ANALYZER_NUMBER_OBJECT_CONVERSION = YES_AGGRESSIVE;
				CLANG_CXX_LANGUAGE_STANDARD = "gnu++14";
				CLANG_CXX_LIBRARY = "libc++";
				CLANG_ENABLE_MODULES = YES;
				CLANG_ENABLE_OBJC_ARC = YES;
				CLANG_ENABLE_OBJC_WEAK = YES;
				CLANG_WARN_BLOCK_CAPTURE_AUTORELEASING = YES;
				CLANG_WARN_BOOL_CONVERSION = YES;
				CLANG_WARN_COMMA = YES;
				CLANG_WARN_CONSTANT_CONVERSION = YES;
				CLANG_WARN_DEPRECATED_OBJC_IMPLEMENTATIONS = YES;
				CLANG_WARN_DIRECT_OBJC_ISA_USAGE = YES_ERROR;
				CLANG_WARN_DOCUMENTATION_COMMENTS = YES;
				CLANG_WARN_EMPTY_BODY = YES;
				CLANG_WARN_ENUM_CONVERSION = YES;
				CLANG_WARN_INFINITE_RECURSION = YES;
				CLANG_WARN_INT_CONVERSION = YES;
				CLANG_WARN_NON_LITERAL_NULL_CONVERSION = YES;
				CLANG_WARN_OBJC_IMPLICIT_RETAIN_SELF = YES;
				CLANG_WARN_OBJC_LITERAL_CONVERSION = YES;
				CLANG_WARN_OBJC_ROOT_CLASS = YES_ERROR;
				CLANG_WARN_RANGE_LOOP_ANALYSIS = YES;
				CLANG_WARN_STRICT_PROTOTYPES = YES;
				CLANG_WARN_SUSPICIOUS_MOVE = YES;
				CLANG_WARN_UNGUARDED_AVAILABILITY = YES_AGGRESSIVE;
				CLANG_WARN_UNREACHABLE_CODE = YES;
				CLANG_WARN__DUPLICATE_METHOD_MATCH = YES;
				CODE_SIGN_IDENTITY = "iPhone Developer";
				COPY_PHASE_STRIP = NO;
				DEBUG_INFORMATION_FORMAT = dwarf;
				ENABLE_STRICT_OBJC_MSGSEND = YES;
				ENABLE_TESTABILITY = YES;
				GCC_C_LANGUAGE_STANDARD = gnu11;
				GCC_DYNAMIC_NO_PIC = NO;
				GCC_NO_COMMON_BLOCKS = YES;
				GCC_OPTIMIZATION_LEVEL = 0;
				GCC_PREPROCESSOR_DEFINITIONS = (
					"DEBUG=1",
					"$(inherited)",
				);
				GCC_WARN_64_TO_32_BIT_CONVERSION = YES;
				GCC_WARN_ABOUT_RETURN_TYPE = YES_ERROR;
				GCC_WARN_UNDECLARED_SELECTOR = YES;
				GCC_WARN_UNINITIALIZED_AUTOS = YES_AGGRESSIVE;
				GCC_WARN_UNUSED_FUNCTION = YES;
				GCC_WARN_UNUSED_VARIABLE = YES;
				IPHONEOS_DEPLOYMENT_TARGET = 12.1;
				MTL_ENABLE_DEBUG_INFO = INCLUDE_SOURCE;
				MTL_FAST_MATH = YES;
				ONLY_ACTIVE_ARCH = YES;
				SDKROOT = iphoneos;
				SWIFT_ACTIVE_COMPILATION_CONDITIONS = DEBUG;
				SWIFT_OPTIMIZATION_LEVEL = "-Onone";
			};
			name = Debug;
		};
		0A66551E22026A5B00CE1650 /* Release */ = {
			isa = XCBuildConfiguration;
			buildSettings = {
				ALWAYS_SEARCH_USER_PATHS = NO;
				CLANG_ANALYZER_NONNULL = YES;
				CLANG_ANALYZER_NUMBER_OBJECT_CONVERSION = YES_AGGRESSIVE;
				CLANG_CXX_LANGUAGE_STANDARD = "gnu++14";
				CLANG_CXX_LIBRARY = "libc++";
				CLANG_ENABLE_MODULES = YES;
				CLANG_ENABLE_OBJC_ARC = YES;
				CLANG_ENABLE_OBJC_WEAK = YES;
				CLANG_WARN_BLOCK_CAPTURE_AUTORELEASING = YES;
				CLANG_WARN_BOOL_CONVERSION = YES;
				CLANG_WARN_COMMA = YES;
				CLANG_WARN_CONSTANT_CONVERSION = YES;
				CLANG_WARN_DEPRECATED_OBJC_IMPLEMENTATIONS = YES;
				CLANG_WARN_DIRECT_OBJC_ISA_USAGE = YES_ERROR;
				CLANG_WARN_DOCUMENTATION_COMMENTS = YES;
				CLANG_WARN_EMPTY_BODY = YES;
				CLANG_WARN_ENUM_CONVERSION = YES;
				CLANG_WARN_INFINITE_RECURSION = YES;
				CLANG_WARN_INT_CONVERSION = YES;
				CLANG_WARN_NON_LITERAL_NULL_CONVERSION = YES;
				CLANG_WARN_OBJC_IMPLICIT_RETAIN_SELF = YES;
				CLANG_WARN_OBJC_LITERAL_CONVERSION = YES;
				CLANG_WARN_OBJC_ROOT_CLASS = YES_ERROR;
				CLANG_WARN_RANGE_LOOP_ANALYSIS = YES;
				CLANG_WARN_STRICT_PROTOTYPES = YES;
				CLANG_WARN_SUSPICIOUS_MOVE = YES;
				CLANG_WARN_UNGUARDED_AVAILABILITY = YES_AGGRESSIVE;
				CLANG_WARN_UNREACHABLE_CODE = YES;
				CLANG_WARN__DUPLICATE_METHOD_MATCH = YES;
				CODE_SIGN_IDENTITY = "iPhone Developer";
				COPY_PHASE_STRIP = NO;
				DEBUG_INFORMATION_FORMAT = "dwarf-with-dsym";
				ENABLE_NS_ASSERTIONS = NO;
				ENABLE_STRICT_OBJC_MSGSEND = YES;
				GCC_C_LANGUAGE_STANDARD = gnu11;
				GCC_NO_COMMON_BLOCKS = YES;
				GCC_WARN_64_TO_32_BIT_CONVERSION = YES;
				GCC_WARN_ABOUT_RETURN_TYPE = YES_ERROR;
				GCC_WARN_UNDECLARED_SELECTOR = YES;
				GCC_WARN_UNINITIALIZED_AUTOS = YES_AGGRESSIVE;
				GCC_WARN_UNUSED_FUNCTION = YES;
				GCC_WARN_UNUSED_VARIABLE = YES;
				IPHONEOS_DEPLOYMENT_TARGET = 12.1;
				MTL_ENABLE_DEBUG_INFO = NO;
				MTL_FAST_MATH = YES;
				SDKROOT = iphoneos;
				SWIFT_COMPILATION_MODE = wholemodule;
				SWIFT_OPTIMIZATION_LEVEL = "-O";
				VALIDATE_PRODUCT = YES;
			};
			name = Release;
		};
		0A66552022026A5B00CE1650 /* Debug */ = {
			isa = XCBuildConfiguration;
			baseConfigurationReference = EF02FDB285103C31965115A4 /* Pods-Call Control.debug.xcconfig */;
			buildSettings = {
				ALWAYS_EMBED_SWIFT_STANDARD_LIBRARIES = YES;
				ASSETCATALOG_COMPILER_APPICON_NAME = AppIcon;
				CLANG_ENABLE_MODULES = YES;
				CODE_SIGN_ENTITLEMENTS = "Call Control/Call Control.entitlements";
				CODE_SIGN_STYLE = Automatic;
				DEVELOPMENT_TEAM = FAXVAY2XBT;
				FRAMEWORK_SEARCH_PATHS = (
					"$(inherited)",
					"$(PROJECT_DIR)",
				);
				INFOPLIST_FILE = "Call Control/Info.plist";
				LD_RUNPATH_SEARCH_PATHS = (
					"$(inherited)",
					"@executable_path/Frameworks",
				);
				PRECOMPS_INCLUDE_HEADERS_FROM_BUILT_PRODUCTS_DIR = YES;
				PRODUCT_BUNDLE_IDENTIFIER = "com.kurt.Call-Control";
				PRODUCT_NAME = "$(TARGET_NAME)";
				SWIFT_OBJC_BRIDGING_HEADER = "$(PROJECT_DIR)/$(PROJECT_NAME)/$(PROJECT_NAME)-Bridging-Header.h";
				SWIFT_OPTIMIZATION_LEVEL = "-Onone";
				SWIFT_PRECOMPILE_BRIDGING_HEADER = YES;
				SWIFT_VERSION = 4.2;
				TARGETED_DEVICE_FAMILY = "1,2";
			};
			name = Debug;
		};
		0A66552122026A5B00CE1650 /* Release */ = {
			isa = XCBuildConfiguration;
			baseConfigurationReference = 35F7B04FBEFB82349A8A212C /* Pods-Call Control.release.xcconfig */;
			buildSettings = {
				ALWAYS_EMBED_SWIFT_STANDARD_LIBRARIES = YES;
				ASSETCATALOG_COMPILER_APPICON_NAME = AppIcon;
				CLANG_ENABLE_MODULES = YES;
				CODE_SIGN_ENTITLEMENTS = "Call Control/Call Control.entitlements";
				CODE_SIGN_STYLE = Automatic;
				DEVELOPMENT_TEAM = FAXVAY2XBT;
				FRAMEWORK_SEARCH_PATHS = (
					"$(inherited)",
					"$(PROJECT_DIR)",
				);
				INFOPLIST_FILE = "Call Control/Info.plist";
				LD_RUNPATH_SEARCH_PATHS = (
					"$(inherited)",
					"@executable_path/Frameworks",
				);
				PRECOMPS_INCLUDE_HEADERS_FROM_BUILT_PRODUCTS_DIR = YES;
				PRODUCT_BUNDLE_IDENTIFIER = "com.kurt.Call-Control";
				PRODUCT_NAME = "$(TARGET_NAME)";
				SWIFT_OBJC_BRIDGING_HEADER = "$(PROJECT_DIR)/$(PROJECT_NAME)/$(PROJECT_NAME)-Bridging-Header.h";
				SWIFT_PRECOMPILE_BRIDGING_HEADER = YES;
				SWIFT_VERSION = 4.2;
				TARGETED_DEVICE_FAMILY = "1,2";
			};
			name = Release;
		};
		0AEA1754220B56B5003A7DE4 /* Debug */ = {
			isa = XCBuildConfiguration;
			baseConfigurationReference = DA19D15C7AAC7E88CDDEA6D4 /* Pods-Call Block Extension.debug.xcconfig */;
			buildSettings = {
				CLANG_ENABLE_MODULES = YES;
				CODE_SIGN_ENTITLEMENTS = "Call Block Extension/Call Block Extension.entitlements";
				CODE_SIGN_STYLE = Automatic;
				DEVELOPMENT_TEAM = FAXVAY2XBT;
				INFOPLIST_FILE = "Call Block Extension/Info.plist";
				LD_RUNPATH_SEARCH_PATHS = (
					"$(inherited)",
					"@executable_path/Frameworks",
					"@executable_path/../../Frameworks",
				);
				PRODUCT_BUNDLE_IDENTIFIER = "com.kurt.Call-Control.Call-Block-Extension";
				PRODUCT_NAME = "$(TARGET_NAME)";
				SKIP_INSTALL = YES;
				SWIFT_OBJC_BRIDGING_HEADER = "$(PROJECT_DIR)/$(PROJECT_NAME)/$(PROJECT_NAME)-Bridging-Header.h";
				SWIFT_OPTIMIZATION_LEVEL = "-Onone";
				SWIFT_VERSION = 4.2;
				TARGETED_DEVICE_FAMILY = "1,2";
			};
			name = Debug;
		};
		0AEA1755220B56B5003A7DE4 /* Release */ = {
			isa = XCBuildConfiguration;
			baseConfigurationReference = 008608C5386C3B094D3552EA /* Pods-Call Block Extension.release.xcconfig */;
			buildSettings = {
				CLANG_ENABLE_MODULES = YES;
				CODE_SIGN_ENTITLEMENTS = "Call Block Extension/Call Block Extension.entitlements";
				CODE_SIGN_STYLE = Automatic;
				DEVELOPMENT_TEAM = FAXVAY2XBT;
				INFOPLIST_FILE = "Call Block Extension/Info.plist";
				LD_RUNPATH_SEARCH_PATHS = (
					"$(inherited)",
					"@executable_path/Frameworks",
					"@executable_path/../../Frameworks",
				);
				PRODUCT_BUNDLE_IDENTIFIER = "com.kurt.Call-Control.Call-Block-Extension";
				PRODUCT_NAME = "$(TARGET_NAME)";
				SKIP_INSTALL = YES;
				SWIFT_OBJC_BRIDGING_HEADER = "$(PROJECT_DIR)/$(PROJECT_NAME)/$(PROJECT_NAME)-Bridging-Header.h";
				SWIFT_VERSION = 4.2;
				TARGETED_DEVICE_FAMILY = "1,2";
			};
			name = Release;
		};
/* End XCBuildConfiguration section */

/* Begin XCConfigurationList section */
		0A66550822026A5B00CE1650 /* Build configuration list for PBXProject "Call Control" */ = {
			isa = XCConfigurationList;
			buildConfigurations = (
				0A66551D22026A5B00CE1650 /* Debug */,
				0A66551E22026A5B00CE1650 /* Release */,
			);
			defaultConfigurationIsVisible = 0;
			defaultConfigurationName = Release;
		};
		0A66551F22026A5B00CE1650 /* Build configuration list for PBXNativeTarget "Call Control" */ = {
			isa = XCConfigurationList;
			buildConfigurations = (
				0A66552022026A5B00CE1650 /* Debug */,
				0A66552122026A5B00CE1650 /* Release */,
			);
			defaultConfigurationIsVisible = 0;
			defaultConfigurationName = Release;
		};
		0AEA1756220B56B5003A7DE4 /* Build configuration list for PBXNativeTarget "Call Block Extension" */ = {
			isa = XCConfigurationList;
			buildConfigurations = (
				0AEA1754220B56B5003A7DE4 /* Debug */,
				0AEA1755220B56B5003A7DE4 /* Release */,
			);
			defaultConfigurationIsVisible = 0;
			defaultConfigurationName = Release;
		};
/* End XCConfigurationList section */
	};
	rootObject = 0A66550522026A5B00CE1650 /* Project object */;
}
